
Microsoft Visual Studio Solution File, Format Version 12.00
# Visual Studio Version 17
VisualStudioVersion = 17.8.34330.188
MinimumVisualStudioVersion = 10.0.40219.1
Project("{FAE04EC0-301F-11D3-BF4B-00C04F79EFBC}") = "Cart", "Cart\Cart.csproj", "{98E0D7D1-575F-416A-ACEB-982A40EF773D}"
EndProject
Global
	GlobalSection(SolutionConfigurationPlatforms) = preSolution
		Debug|Any CPU = Debug|Any CPU
		Release|Any CPU = Release|Any CPU
	EndGlobalSection
	GlobalSection(ProjectConfigurationPlatforms) = postSolution
		{98E0D7D1-575F-416A-ACEB-982A40EF773D}.Debug|Any CPU.ActiveCfg = Debug|Any CPU
		{98E0D7D1-575F-416A-ACEB-982A40EF773D}.Debug|Any CPU.Build.0 = Debug|Any CPU
		{98E0D7D1-575F-416A-ACEB-982A40EF773D}.Release|Any CPU.ActiveCfg = Release|Any CPU
		{98E0D7D1-575F-416A-ACEB-982A40EF773D}.Release|Any CPU.Build.0 = Release|Any CPU
	EndGlobalSection
	GlobalSection(SolutionProperties) = preSolution
		HideSolutionNode = FALSE
	EndGlobalSection
	GlobalSection(ExtensibilityGlobals) = postSolution
		SolutionGuid = {A9B0A163-FA49-43CB-9CD0-D4684BE9EE9E}
	EndGlobalSection
EndGlobal
